
Microsoft Visual Studio Solution File, Format Version 12.00
# Visual Studio 15
VisualStudioVersion = 15.0.28307.1082
MinimumVisualStudioVersion = 10.0.40219.1
Project("{8BC9CEB8-8B4A-11D0-8D11-00A0C91BC942}") = "Appointment Release", "Appointment Release.vcxproj", "{D3A1963F-C9B0-4522-8755-1691807EB8AF}"
EndProject
Global
	GlobalSection(SolutionConfigurationPlatforms) = preSolution
		Debug|x64 = Debug|x64
		Debug|x86 = Debug|x86
		Release|x64 = Release|x64
		Release|x86 = Release|x86
	EndGlobalSection
	GlobalSection(ProjectConfigurationPlatforms) = postSolution
		{D3A1963F-C9B0-4522-8755-1691807EB8AF}.Debug|x64.ActiveCfg = Debug|x64
		{D3A1963F-C9B0-4522-8755-1691807EB8AF}.Debug|x64.Build.0 = Debug|x64
		{D3A1963F-C9B0-4522-8755-1691807EB8AF}.Debug|x86.ActiveCfg = Debug|Win32
		{D3A1963F-C9B0-4522-8755-1691807EB8AF}.Debug|x86.Build.0 = Debug|Win32
		{D3A1963F-C9B0-4522-8755-1691807EB8AF}.Release|x64.ActiveCfg = Release|x64
		{D3A1963F-C9B0-4522-8755-1691807EB8AF}.Release|x64.Build.0 = Release|x64
		{D3A1963F-C9B0-4522-8755-1691807EB8AF}.Release|x86.ActiveCfg = Release|Win32
		{D3A1963F-C9B0-4522-8755-1691807EB8AF}.Release|x86.Build.0 = Release|Win32
	EndGlobalSection
	GlobalSection(SolutionProperties) = preSolution
		HideSolutionNode = FALSE
	EndGlobalSection
	GlobalSection(ExtensibilityGlobals) = postSolution
		SolutionGuid = {F2D36F99-0717-4CDD-834D-6B0C12B4F870}
	EndGlobalSection
EndGlobal
